{
  "name": "jsapi-esm-ts-widget",
  "version": "0.0.0",
  "lockfileVersion": 1,
  "requires": true,
  "dependencies": {
    "@a11y/focus-trap": {
      "version": "1.0.5",
      "resolved": "https://registry.npmjs.org/@a11y/focus-trap/-/focus-trap-1.0.5.tgz",
      "integrity": "sha512-3JOd6g+BALysWS8LNf0qdB8ltR651H/RCLAvUmfS0LIHwHO579XfjZUIZbURYiAZrcbp1CBAq4QZ2YwKNQZ1hw=="
    },
    "@arcgis/core": {
      "version": "4.21.2",
      "resolved": "https://registry.npmjs.org/@arcgis/core/-/core-4.21.2.tgz",
      "integrity": "sha512-L3Rc84wOFsMcljrydVKc1jkgYQSO+ru4Kgr7tCsK+YLVGWNeggLRh2XeGNIuXOEklaMxdWIBZ+Kw9424K+JQyw==",
      "requires": {
        "@esri/arcgis-html-sanitizer": "~2.7.0",
        "@esri/calcite-colors": "~6.0.1",
        "@esri/calcite-components": "1.0.0-beta.62",
        "@popperjs/core": "~2.9.3",
        "focus-trap": "~6.6.1",
        "luxon": "~2.0.2",
        "moment": "~2.29.1",
        "sortablejs": "~1.14.0"
      }
    },
    "@esri/arcgis-html-sanitizer": {
      "version": "2.7.0",
      "resolved": "https://registry.npmjs.org/@esri/arcgis-html-sanitizer/-/arcgis-html-sanitizer-2.7.0.tgz",
      "integrity": "sha512-T3D2Gn5n7Wsu3YmsPtw9F2HmxI2McebkYHOAo9D7HF6bHBcca0GpBsDaRgYTmQ68ABOsAIIvbFfBY6aDyyHYbw==",
      "requires": {
        "lodash.isplainobject": "^4.0.6",
        "xss": "^1.0.9"
      }
    },
    "@esri/calcite-colors": {
      "version": "6.0.1",
      "resolved": "https://registry.npmjs.org/@esri/calcite-colors/-/calcite-colors-6.0.1.tgz",
      "integrity": "sha512-iGUIIpeMCJSTDGw4ZsxLwwxkml0QzOUJTtysjRryGbhSt183NEtwWKS+yQO19utXQz5LbQWjoav6x6CsawElkw=="
    },
    "@esri/calcite-components": {
      "version": "1.0.0-beta.62",
      "resolved": "https://registry.npmjs.org/@esri/calcite-components/-/calcite-components-1.0.0-beta.62.tgz",
      "integrity": "sha512-GCDIX6TKgjAc3MZ/nKZIheCEH2a1vsM+B1cldczEXgOqGeGP+sOgGuJRV6PzbpoYnvAvklsGpXjgVKNnkacIFw==",
      "requires": {
        "@a11y/focus-trap": "1.0.5",
        "@popperjs/core": "2.9.3",
        "@stencil/core": "2.6.0",
        "@types/color": "3.0.2",
        "color": "4.0.1",
        "lodash-es": "4.17.21",
        "sortablejs": "1.14.0"
      }
    },
    "@popperjs/core": {
      "version": "2.9.3",
      "resolved": "https://registry.npmjs.org/@popperjs/core/-/core-2.9.3.tgz",
      "integrity": "sha512-xDu17cEfh7Kid/d95kB6tZsLOmSWKCZKtprnhVepjsSaCij+lM3mItSJDuuHDMbCWTh8Ejmebwb+KONcCJ0eXQ=="
    },
    "@stencil/core": {
      "version": "2.6.0",
      "resolved": "https://registry.npmjs.org/@stencil/core/-/core-2.6.0.tgz",
      "integrity": "sha512-QsxWayZyusnqSZrlCl81R71rA3KqFjVVQSH4E0rGN15F1GdQaFonKlHLyCOLKLig1zzC+DQkLLiUuocexuvdeQ=="
    },
    "@types/color": {
      "version": "3.0.2",
      "resolved": "https://registry.npmjs.org/@types/color/-/color-3.0.2.tgz",
      "integrity": "sha512-INiJl6sfNn8iyC5paxVzqiVUEj2boIlFki02uRTAkKwAj++7aAF+ZfEv/XrIeBa0XI/fTZuDHW8rEEcEVnON+Q==",
      "requires": {
        "@types/color-convert": "*"
      }
    },
    "@types/color-convert": {
      "version": "2.0.0",
      "resolved": "https://registry.npmjs.org/@types/color-convert/-/color-convert-2.0.0.tgz",
      "integrity": "sha512-m7GG7IKKGuJUXvkZ1qqG3ChccdIM/qBBo913z+Xft0nKCX4hAU/IxKwZBU4cpRZ7GS5kV4vOblUkILtSShCPXQ==",
      "requires": {
        "@types/color-name": "*"
      }
    },
    "@types/color-name": {
      "version": "1.1.1",
      "resolved": "https://registry.npmjs.org/@types/color-name/-/color-name-1.1.1.tgz",
      "integrity": "sha512-rr+OQyAjxze7GgWrSaJwydHStIhHq2lvY3BOC2Mj7KnzI7XK0Uw1TOOdI9lDoajEbSWLiYgoo4f1R51erQfhPQ=="
    },
    "color": {
      "version": "4.0.1",
      "resolved": "https://registry.npmjs.org/color/-/color-4.0.1.tgz",
      "integrity": "sha512-rpZjOKN5O7naJxkH2Rx1sZzzBgaiWECc6BYXjeCE6kF0kcASJYbUq02u7JqIHwCb/j3NhV+QhRL2683aICeGZA==",
      "requires": {
        "color-convert": "^2.0.1",
        "color-string": "^1.6.0"
      }
    },
    "color-convert": {
      "version": "2.0.1",
      "resolved": "https://registry.npmjs.org/color-convert/-/color-convert-2.0.1.tgz",
      "integrity": "sha512-RRECPsj7iu/xb5oKYcsFHSppFNnsj/52OVTRKb4zP5onXwVF3zVmmToNcOfGC+CRDpfK/U584fMg38ZHCaElKQ==",
      "requires": {
        "color-name": "~1.1.4"
      }
    },
    "color-name": {
      "version": "1.1.4",
      "resolved": "https://registry.npmjs.org/color-name/-/color-name-1.1.4.tgz",
      "integrity": "sha512-dOy+3AuW3a2wNbZHIuMZpTcgjGuLU/uBL/ubcZF9OXbDo8ff4O8yVp5Bf0efS8uEoYo5q4Fx7dY9OgQGXgAsQA=="
    },
    "color-string": {
      "version": "1.6.0",
      "resolved": "https://registry.npmjs.org/color-string/-/color-string-1.6.0.tgz",
      "integrity": "sha512-c/hGS+kRWJutUBEngKKmk4iH3sD59MBkoxVapS/0wgpCz2u7XsNloxknyvBhzwEs1IbV36D9PwqLPJ2DTu3vMA==",
      "requires": {
        "color-name": "^1.0.0",
        "simple-swizzle": "^0.2.2"
      }
    },
    "commander": {
      "version": "2.20.3",
      "resolved": "https://registry.npmjs.org/commander/-/commander-2.20.3.tgz",
      "integrity": "sha512-GpVkmM8vF2vQUkj2LvZmD35JxeJOLCwJ9cUkugyk2nuhbv3+mJvpLYYt+0+USMxE+oj+ey/lJEnhZw75x/OMcQ=="
    },
    "cssfilter": {
      "version": "0.0.10",
      "resolved": "https://registry.npmjs.org/cssfilter/-/cssfilter-0.0.10.tgz",
      "integrity": "sha1-xtJnJjKi5cg+AT5oZKQs6N79IK4="
    },
    "esbuild": {
      "version": "0.13.10",
      "resolved": "https://registry.npmjs.org/esbuild/-/esbuild-0.13.10.tgz",
      "integrity": "sha512-0NfCsnAh5XatHIx6Cu93wpR2v6opPoOMxONYhaAoZKzGYqAE+INcDeX2wqMdcndvPQdWCuuCmvlnsh0zmbHcSQ==",
      "dev": true,
      "requires": {
        "esbuild-android-arm64": "0.13.10",
        "esbuild-darwin-64": "0.13.10",
        "esbuild-darwin-arm64": "0.13.10",
        "esbuild-freebsd-64": "0.13.10",
        "esbuild-freebsd-arm64": "0.13.10",
        "esbuild-linux-32": "0.13.10",
        "esbuild-linux-64": "0.13.10",
        "esbuild-linux-arm": "0.13.10",
        "esbuild-linux-arm64": "0.13.10",
        "esbuild-linux-mips64le": "0.13.10",
        "esbuild-linux-ppc64le": "0.13.10",
        "esbuild-netbsd-64": "0.13.10",
        "esbuild-openbsd-64": "0.13.10",
        "esbuild-sunos-64": "0.13.10",
        "esbuild-windows-32": "0.13.10",
        "esbuild-windows-64": "0.13.10",
        "esbuild-windows-arm64": "0.13.10"
      }
    },
    "esbuild-android-arm64": {
      "version": "0.13.10",
      "resolved": "https://registry.npmjs.org/esbuild-android-arm64/-/esbuild-android-arm64-0.13.10.tgz",
      "integrity": "sha512-1sCdVAq64yMp2Uhlu+97/enFxpmrj31QHtThz7K+/QGjbHa7JZdBdBsZCzWJuntKHZ+EU178tHYkvjaI9z5sGg==",
      "dev": true,
      "optional": true
    },
    "esbuild-darwin-64": {
      "version": "0.13.10",
      "resolved": "https://registry.npmjs.org/esbuild-darwin-64/-/esbuild-darwin-64-0.13.10.tgz",
      "integrity": "sha512-XlL+BYZ2h9cz3opHfFgSHGA+iy/mljBFIRU9q++f9SiBXEZTb4gTW/IENAD1l9oKH0FdO9rUpyAfV+lM4uAxrg==",
      "dev": true,
      "optional": true
    },
    "esbuild-darwin-arm64": {
      "version": "0.13.10",
      "resolved": "https://registry.npmjs.org/esbuild-darwin-arm64/-/esbuild-darwin-arm64-0.13.10.tgz",
      "integrity": "sha512-RZMMqMTyActMrXKkW71IQO8B0tyQm0Bm+ZJQWNaHJchL5LlqazJi7rriwSocP+sKLszHhsyTEBBh6qPdw5g5yQ==",
      "dev": true,
      "optional": true
    },
    "esbuild-freebsd-64": {
      "version": "0.13.10",
      "resolved": "https://registry.npmjs.org/esbuild-freebsd-64/-/esbuild-freebsd-64-0.13.10.tgz",
      "integrity": "sha512-pf4BEN9reF3jvZEZdxljVgOv5JS4kuYFCI78xk+2HWustbLvTP0b9XXfWI/OD0ZLWbyLYZYIA+VbVe4tdAklig==",
      "dev": true,
      "optional": true
    },
    "esbuild-freebsd-arm64": {
      "version": "0.13.10",
      "resolved": "https://registry.npmjs.org/esbuild-freebsd-arm64/-/esbuild-freebsd-arm64-0.13.10.tgz",
      "integrity": "sha512-j9PUcuNWmlxr4/ry4dK/s6zKh42Jhh/N5qnAAj7tx3gMbkIHW0JBoVSbbgp97p88X9xgKbXx4lG2sJDhDWmsYQ==",
      "dev": true,
      "optional": true
    },
    "esbuild-linux-32": {
      "version": "0.13.10",
      "resolved": "https://registry.npmjs.org/esbuild-linux-32/-/esbuild-linux-32-0.13.10.tgz",
      "integrity": "sha512-imtdHG5ru0xUUXuc2ofdtyw0fWlHYXV7JjF7oZHgmn0b+B4o4Nr6ZON3xxoo1IP8wIekW+7b9exIf/MYq0QV7w==",
      "dev": true,
      "optional": true
    },
    "esbuild-linux-64": {
      "version": "0.13.10",
      "resolved": "https://registry.npmjs.org/esbuild-linux-64/-/esbuild-linux-64-0.13.10.tgz",
      "integrity": "sha512-O7fzQIH2e7GC98dvoTH0rad5BVLm9yU3cRWfEmryCEIFTwbNEWCEWOfsePuoGOHRtSwoVY1hPc21CJE4/9rWxQ==",
      "dev": true,
      "optional": true
    },
    "esbuild-linux-arm": {
      "version": "0.13.10",
      "resolved": "https://registry.npmjs.org/esbuild-linux-arm/-/esbuild-linux-arm-0.13.10.tgz",
      "integrity": "sha512-R2Jij4A0K8BcmBehvQeUteQEcf24Y2YZ6mizlNFuJOBPxe3vZNmkZ4mCE7Pf1tbcqA65qZx8J3WSHeGJl9EsJA==",
      "dev": true,
      "optional": true
    },
    "esbuild-linux-arm64": {
      "version": "0.13.10",
      "resolved": "https://registry.npmjs.org/esbuild-linux-arm64/-/esbuild-linux-arm64-0.13.10.tgz",
      "integrity": "sha512-bkGxN67S2n0PF4zhh87/92kBTsH2xXLuH6T5omReKhpXdJZF5SVDSk5XU/nngARzE+e6QK6isK060Dr5uobzNw==",
      "dev": true,
      "optional": true
    },
    "esbuild-linux-mips64le": {
      "version": "0.13.10",
      "resolved": "https://registry.npmjs.org/esbuild-linux-mips64le/-/esbuild-linux-mips64le-0.13.10.tgz",
      "integrity": "sha512-UDNO5snJYOLWrA2uOUxM/PVbzzh2TR7Zf2i8zCCuFlYgvAb/81XO+Tasp3YAElDpp4VGqqcpBXLtofa9nrnJGA==",
      "dev": true,
      "optional": true
    },
    "esbuild-linux-ppc64le": {
      "version": "0.13.10",
      "resolved": "https://registry.npmjs.org/esbuild-linux-ppc64le/-/esbuild-linux-ppc64le-0.13.10.tgz",
      "integrity": "sha512-xu6J9rMWu1TcEGuEmoc8gsTrJCEPsf+QtxK4IiUZNde9r4Q4nlRVah4JVZP3hJapZgZJcxsse0XiKXh1UFdOeA==",
      "dev": true,
      "optional": true
    },
    "esbuild-netbsd-64": {
      "version": "0.13.10",
      "resolved": "https://registry.npmjs.org/esbuild-netbsd-64/-/esbuild-netbsd-64-0.13.10.tgz",
      "integrity": "sha512-d+Gr0ScMC2J83Bfx/ZvJHK0UAEMncctwgjRth9d4zppYGLk/xMfFKxv5z1ib8yZpQThafq8aPm8AqmFIJrEesw==",
      "dev": true,
      "optional": true
    },
    "esbuild-openbsd-64": {
      "version": "0.13.10",
      "resolved": "https://registry.npmjs.org/esbuild-openbsd-64/-/esbuild-openbsd-64-0.13.10.tgz",
      "integrity": "sha512-OuCYc+bNKumBvxflga+nFzZvxsgmWQW+z4rMGIjM5XIW0nNbGgRc5p/0PSDv0rTdxAmwCpV69fezal0xjrDaaA==",
      "dev": true,
      "optional": true
    },
    "esbuild-sunos-64": {
      "version": "0.13.10",
      "resolved": "https://registry.npmjs.org/esbuild-sunos-64/-/esbuild-sunos-64-0.13.10.tgz",
      "integrity": "sha512-gUkgivZK11bD56wDoLsnYrsOHD/zHzzLSdqKcIl3wRMulfHpRBpoX8gL0dbWr+8N9c+1HDdbNdvxSRmZ4RCVwg==",
      "dev": true,
      "optional": true
    },
    "esbuild-windows-32": {
      "version": "0.13.10",
      "resolved": "https://registry.npmjs.org/esbuild-windows-32/-/esbuild-windows-32-0.13.10.tgz",
      "integrity": "sha512-C1xJ54E56dGWRaYcTnRy7amVZ9n1/D/D2/qVw7e5EtS7p+Fv/yZxxgqyb1hMGKXgtFYX4jMpU5eWBF/AsYrn+A==",
      "dev": true,
      "optional": true
    },
    "esbuild-windows-64": {
      "version": "0.13.10",
      "resolved": "https://registry.npmjs.org/esbuild-windows-64/-/esbuild-windows-64-0.13.10.tgz",
      "integrity": "sha512-6+EXEXopEs3SvPFAHcps2Krp/FvqXXsOQV33cInmyilb0ZBEQew4MIoZtMIyB3YXoV6//dl3i6YbPrFZaWEinQ==",
      "dev": true,
      "optional": true
    },
    "esbuild-windows-arm64": {
      "version": "0.13.10",
      "resolved": "https://registry.npmjs.org/esbuild-windows-arm64/-/esbuild-windows-arm64-0.13.10.tgz",
      "integrity": "sha512-xTqM/XKhORo6u9S5I0dNJWEdWoemFjogLUTVLkQMVyUV3ZuMChahVA+bCqKHdyX55pCFxD/8v2fm3/sfFMWN+g==",
      "dev": true,
      "optional": true
    },
    "focus-trap": {
      "version": "6.6.1",
      "resolved": "https://registry.npmjs.org/focus-trap/-/focus-trap-6.6.1.tgz",
      "integrity": "sha512-x9BWuAeF5UrfWuYKJ3jYrjcVYSYptS9CqtxH5IH7lPlZrMsaugKeAa0HtoZSBZe5DmeTMx2m0qY464ZMzqarzw==",
      "requires": {
        "tabbable": "^5.2.1"
      }
    },
    "fsevents": {
      "version": "2.3.2",
      "resolved": "https://registry.npmjs.org/fsevents/-/fsevents-2.3.2.tgz",
      "integrity": "sha512-xiqMQR4xAeHTuB9uWm+fFRcIOgKBMiOBP+eXiyT7jsgVCq1bkVygt00oASowB7EdtpOHaaPgKt812P9ab+DDKA==",
      "dev": true,
      "optional": true
    },
    "function-bind": {
      "version": "1.1.1",
      "resolved": "https://registry.npmjs.org/function-bind/-/function-bind-1.1.1.tgz",
      "integrity": "sha512-yIovAzMX49sF8Yl58fSCWJ5svSLuaibPxXQJFLmBObTuCr0Mf1KiPopGM9NiFjiYBCbfaa2Fh6breQ6ANVTI0A==",
      "dev": true
    },
    "has": {
      "version": "1.0.3",
      "resolved": "https://registry.npmjs.org/has/-/has-1.0.3.tgz",
      "integrity": "sha512-f2dvO0VU6Oej7RkWJGrehjbzMAjFp5/VKPp5tTpWIV4JHHZK1/BxbFRtf/siA2SWTe09caDmVtYYzWEIbBS4zw==",
      "dev": true,
      "requires": {
        "function-bind": "^1.1.1"
      }
    },
    "is-arrayish": {
      "version": "0.3.2",
      "resolved": "https://registry.npmjs.org/is-arrayish/-/is-arrayish-0.3.2.tgz",
      "integrity": "sha512-eVRqCvVlZbuw3GrM63ovNSNAeA1K16kaR/LRY/92w0zxQ5/1YzwblUX652i4Xs9RwAGjW9d9y6X88t8OaAJfWQ=="
    },
    "is-core-module": {
      "version": "2.8.0",
      "resolved": "https://registry.npmjs.org/is-core-module/-/is-core-module-2.8.0.tgz",
      "integrity": "sha512-vd15qHsaqrRL7dtH6QNuy0ndJmRDrS9HAM1CAiSifNUFv4x1a0CCVsj18hJ1mShxIG6T2i1sO78MkP56r0nYRw==",
      "dev": true,
      "requires": {
        "has": "^1.0.3"
      }
    },
    "lodash-es": {
      "version": "4.17.21",
      "resolved": "https://registry.npmjs.org/lodash-es/-/lodash-es-4.17.21.tgz",
      "integrity": "sha512-mKnC+QJ9pWVzv+C4/U3rRsHapFfHvQFoFB92e52xeyGMcX6/OlIl78je1u8vePzYZSkkogMPJ2yjxxsb89cxyw=="
    },
    "lodash.isplainobject": {
      "version": "4.0.6",
      "resolved": "https://registry.npmjs.org/lodash.isplainobject/-/lodash.isplainobject-4.0.6.tgz",
      "integrity": "sha1-fFJqUtibRcRcxpC4gWO+BJf1UMs="
    },
    "luxon": {
      "version": "2.0.2",
      "resolved": "https://registry.npmjs.org/luxon/-/luxon-2.0.2.tgz",
      "integrity": "sha512-ZRioYLCgRHrtTORaZX1mx+jtxKtKuI5ZDvHNAmqpUzGqSrR+tL4FVLn/CUGMA3h0+AKD1MAxGI5GnCqR5txNqg=="
    },
    "moment": {
      "version": "2.29.1",
      "resolved": "https://registry.npmjs.org/moment/-/moment-2.29.1.tgz",
      "integrity": "sha512-kHmoybcPV8Sqy59DwNDY3Jefr64lK/by/da0ViFcuA4DH0vQg5Q6Ze5VimxkfQNSC+Mls/Kx53s7TjP1RhFEDQ=="
    },
    "nanoid": {
      "version": "3.1.30",
      "resolved": "https://registry.npmjs.org/nanoid/-/nanoid-3.1.30.tgz",
      "integrity": "sha512-zJpuPDwOv8D2zq2WRoMe1HsfZthVewpel9CAvTfc/2mBD1uUT/agc5f7GHGWXlYkFvi1mVxe4IjvP2HNrop7nQ==",
      "dev": true
    },
    "path-parse": {
      "version": "1.0.7",
      "resolved": "https://registry.npmjs.org/path-parse/-/path-parse-1.0.7.tgz",
      "integrity": "sha512-LDJzPVEEEPR+y48z93A0Ed0yXb8pAByGWo/k5YYdYgpY2/2EsOsksJrq7lOHxryrVOn1ejG6oAp8ahvOIQD8sw==",
      "dev": true
    },
    "picocolors": {
      "version": "1.0.0",
      "resolved": "https://registry.npmjs.org/picocolors/-/picocolors-1.0.0.tgz",
      "integrity": "sha512-1fygroTLlHu66zi26VoTDv8yRgm0Fccecssto+MhsZ0D/DGW2sm8E8AjW7NU5VVTRt5GxbeZ5qBuJr+HyLYkjQ==",
      "dev": true
    },
    "postcss": {
      "version": "8.3.11",
      "resolved": "https://registry.npmjs.org/postcss/-/postcss-8.3.11.tgz",
      "integrity": "sha512-hCmlUAIlUiav8Xdqw3Io4LcpA1DOt7h3LSTAC4G6JGHFFaWzI6qvFt9oilvl8BmkbBRX1IhM90ZAmpk68zccQA==",
      "dev": true,
      "requires": {
        "nanoid": "^3.1.30",
        "picocolors": "^1.0.0",
        "source-map-js": "^0.6.2"
      }
    },
    "resolve": {
      "version": "1.20.0",
      "resolved": "https://registry.npmjs.org/resolve/-/resolve-1.20.0.tgz",
      "integrity": "sha512-wENBPt4ySzg4ybFQW2TT1zMQucPK95HSh/nq2CFTZVOGut2+pQvSsgtda4d26YrYcr067wjbmzOG8byDPBX63A==",
      "dev": true,
      "requires": {
        "is-core-module": "^2.2.0",
        "path-parse": "^1.0.6"
      }
    },
    "rollup": {
      "version": "2.58.3",
      "resolved": "https://registry.npmjs.org/rollup/-/rollup-2.58.3.tgz",
      "integrity": "sha512-ei27MSw1KhRur4p87Q0/Va2NAYqMXOX++FNEumMBcdreIRLURKy+cE2wcDJKBn0nfmhP2ZGrJkP1XPO+G8FJQw==",
      "dev": true,
      "requires": {
        "fsevents": "~2.3.2"
      }
    },
    "simple-swizzle": {
      "version": "0.2.2",
      "resolved": "https://registry.npmjs.org/simple-swizzle/-/simple-swizzle-0.2.2.tgz",
      "integrity": "sha1-pNprY1/8zMoz9w0Xy5JZLeleVXo=",
      "requires": {
        "is-arrayish": "^0.3.1"
      }
    },
    "sortablejs": {
      "version": "1.14.0",
      "resolved": "https://registry.npmjs.org/sortablejs/-/sortablejs-1.14.0.tgz",
      "integrity": "sha512-pBXvQCs5/33fdN1/39pPL0NZF20LeRbLQ5jtnheIPN9JQAaufGjKdWduZn4U7wCtVuzKhmRkI0DFYHYRbB2H1w=="
    },
    "source-map-js": {
      "version": "0.6.2",
      "resolved": "https://registry.npmjs.org/source-map-js/-/source-map-js-0.6.2.tgz",
      "integrity": "sha512-/3GptzWzu0+0MBQFrDKzw/DvvMTUORvgY6k6jd/VS6iCR4RDTKWH6v6WPwQoUO8667uQEf9Oe38DxAYWY5F/Ug==",
      "dev": true
    },
    "tabbable": {
      "version": "5.2.1",
      "resolved": "https://registry.npmjs.org/tabbable/-/tabbable-5.2.1.tgz",
      "integrity": "sha512-40pEZ2mhjaZzK0BnI+QGNjJO8UYx9pP5v7BGe17SORTO0OEuuaAwQTkAp8whcZvqon44wKFOikD+Al11K3JICQ=="
    },
    "typescript": {
      "version": "4.4.4",
      "resolved": "https://registry.npmjs.org/typescript/-/typescript-4.4.4.tgz",
      "integrity": "sha512-DqGhF5IKoBl8WNf8C1gu8q0xZSInh9j1kJJMqT3a94w1JzVaBU4EXOSMrz9yDqMT0xt3selp83fuFMQ0uzv6qA==",
      "dev": true
    },
    "vite": {
      "version": "2.6.13",
      "resolved": "https://registry.npmjs.org/vite/-/vite-2.6.13.tgz",
      "integrity": "sha512-+tGZ1OxozRirTudl4M3N3UTNJOlxdVo/qBl2IlDEy/ZpTFcskp+k5ncNjayR3bRYTCbqSOFz2JWGN1UmuDMScA==",
      "dev": true,
      "requires": {
        "esbuild": "^0.13.2",
        "fsevents": "~2.3.2",
        "postcss": "^8.3.8",
        "resolve": "^1.20.0",
        "rollup": "^2.57.0"
      }
    },
    "xss": {
      "version": "1.0.10",
      "resolved": "https://registry.npmjs.org/xss/-/xss-1.0.10.tgz",
      "integrity": "sha512-qmoqrRksmzqSKvgqzN0055UFWY7OKx1/9JWeRswwEVX9fCG5jcYRxa/A2DHcmZX6VJvjzHRQ2STeeVcQkrmLSw==",
      "requires": {
        "commander": "^2.20.3",
        "cssfilter": "0.0.10"
      }
    }
  }
}
